<?xml version="1.0" encoding="utf-8"?>
<Project ToolsVersion="4.0" xmlns="http://schemas.microsoft.com/developer/msbuild/2003">
  <ItemGroup>
    <Filter Include="Source Files">
      <UniqueIdentifier>{4FC737F1-C7A5-4376-A066-2A32D752A2FF}</UniqueIdentifier>
      <Extensions>cpp;c;cc;cxx;c++;cppm;ixx;def;odl;idl;hpj;bat;asm;asmx</Extensions>
    </Filter>
    <Filter Include="Header Files">
      <UniqueIdentifier>{93995380-89BD-4b04-88EB-625FBE52EBFB}</UniqueIdentifier>
      <Extensions>h;hh;hpp;hxx;h++;hm;inl;inc;ipp;xsd</Extensions>
    </Filter>
    <Filter Include="Resource Files">
      <UniqueIdentifier>{67DA6AB6-F800-4c08-8B7A-83BB121AAD01}</UniqueIdentifier>
      <Extensions>rc;ico;cur;bmp;dlg;rc2;rct;bin;rgs;gif;jpg;jpeg;jpe;resx;tiff;tif;png;wav;mfcribbon-ms</Extensions>
    </Filter>
    <Filter Include="Source Files\models">
      <UniqueIdentifier>{5f4b7fd7-2260-45d0-946c-8f2579f7c680}</UniqueIdentifier>
    </Filter>
    <Filter Include="Header Files\models">
      <UniqueIdentifier>{1773e9d2-a829-4a17-8bd0-a1af87c8a0c5}</UniqueIdentifier>
    </Filter>
  </ItemGroup>
  <ItemGroup>
    <ClCompile Include="Main.cpp">
      <Filter>Source Files</Filter>
    </ClCompile>
    <ClCompile Include="glad\glad.c">
      <Filter>Source Files</Filter>
    </ClCompile>
    <ClCompile Include="DisplayManager.cpp">
      <Filter>Source Files</Filter>
    </ClCompile>
    <ClCompile Include="RawModel.cpp">
      <Filter>Source Files\models</Filter>
    </ClCompile>
    <ClCompile Include="ModelLoader.cpp">
      <Filter>Source Files\models</Filter>
    </ClCompile>
    <ClCompile Include="Renderer.cpp">
      <Filter>Source Files\models</Filter>
    </ClCompile>
  </ItemGroup>
  <ItemGroup>
    <ClInclude Include="glad\glad.h">
      <Filter>Header Files</Filter>
    </ClInclude>
    <ClInclude Include="glad\khrplatform.h">
      <Filter>Header Files</Filter>
    </ClInclude>
    <ClInclude Include="DisplayManager.h">
      <Filter>Header Files</Filter>
    </ClInclude>
    <ClInclude Include="RawModel.h">
      <Filter>Header Files\models</Filter>
    </ClInclude>
    <ClInclude Include="ModelLoader.h">
      <Filter>Header Files\models</Filter>
    </ClInclude>
    <ClInclude Include="Renderer.h">
      <Filter>Header Files\models</Filter>
    </ClInclude>
  </ItemGroup>
</Project>