<?xml version="1.0" encoding="utf-8"?>
<Project ToolsVersion="4.0" xmlns="http://schemas.microsoft.com/developer/msbuild/2003">
  <ItemGroup>
    <Filter Include="Source Files">
      <UniqueIdentifier>{4FC737F1-C7A5-4376-A066-2A32D752A2FF}</UniqueIdentifier>
      <Extensions>cpp;c;cc;cxx;c++;cppm;ixx;def;odl;idl;hpj;bat;asm;asmx</Extensions>
    </Filter>
    <Filter Include="Header Files">
      <UniqueIdentifier>{93995380-89BD-4b04-88EB-625FBE52EBFB}</UniqueIdentifier>
      <Extensions>h;hh;hpp;hxx;h++;hm;inl;inc;ipp;xsd</Extensions>
    </Filter>
    <Filter Include="Resource Files">
      <UniqueIdentifier>{67DA6AB6-F800-4c08-8B7A-83BB121AAD01}</UniqueIdentifier>
      <Extensions>rc;ico;cur;bmp;dlg;rc2;rct;bin;rgs;gif;jpg;jpeg;jpe;resx;tiff;tif;png;wav;mfcribbon-ms</Extensions>
    </Filter>
    <Filter Include="Source Files\models">
      <UniqueIdentifier>{5f4b7fd7-2260-45d0-946c-8f2579f7c680}</UniqueIdentifier>
    </Filter>
    <Filter Include="Header Files\models">
      <UniqueIdentifier>{1773e9d2-a829-4a17-8bd0-a1af87c8a0c5}</UniqueIdentifier>
    </Filter>
    <Filter Include="Resource Files\shaders">
      <UniqueIdentifier>{d699a960-0d51-4dc7-9189-404a93451c70}</UniqueIdentifier>
    </Filter>
    <Filter Include="Header Files\render">
      <UniqueIdentifier>{f65f9190-03d3-4118-9c7e-3d7b6c5eecbb}</UniqueIdentifier>
    </Filter>
    <Filter Include="Source Files\render">
      <UniqueIdentifier>{afe7b0c5-383d-4839-805b-679d0f6ba5cd}</UniqueIdentifier>
    </Filter>
    <Filter Include="Header Files\shaders">
      <UniqueIdentifier>{5ca4a3e3-d1b9-49ca-9439-8b9c3c10b532}</UniqueIdentifier>
    </Filter>
    <Filter Include="Source Files\shaders">
      <UniqueIdentifier>{6774a914-db1f-4726-9c9f-0fee9c0dce35}</UniqueIdentifier>
    </Filter>
    <Filter Include="Resource Files\textures">
      <UniqueIdentifier>{e61e3081-61e9-4d8c-b0ed-0b71dfc0769a}</UniqueIdentifier>
    </Filter>
    <Filter Include="Header Files\libraries">
      <UniqueIdentifier>{2570bd48-cb61-4125-ae43-58a53d7997dc}</UniqueIdentifier>
    </Filter>
    <Filter Include="Source Files\libraries">
      <UniqueIdentifier>{21e3edd8-b06d-4dd5-9634-c5983bd76be1}</UniqueIdentifier>
    </Filter>
    <Filter Include="Header Files\entities">
      <UniqueIdentifier>{40a9ce09-b802-49a9-938f-c0c14f7d7185}</UniqueIdentifier>
    </Filter>
    <Filter Include="Source Files\entities">
      <UniqueIdentifier>{03d4d2d7-a58b-4234-ba0e-db4ee824fea6}</UniqueIdentifier>
    </Filter>
    <Filter Include="Header Files\terrain">
      <UniqueIdentifier>{395fd7c3-e04c-4837-ab03-4612dd1a8957}</UniqueIdentifier>
    </Filter>
    <Filter Include="Source Files\terrain">
      <UniqueIdentifier>{1386efd0-efbb-4bad-9231-4a261c72223d}</UniqueIdentifier>
    </Filter>
    <Filter Include="Resource Files\models">
      <UniqueIdentifier>{c8f41478-b7e0-42e4-99b8-1b60d48b8596}</UniqueIdentifier>
    </Filter>
    <Filter Include="Header Files\skybox">
      <UniqueIdentifier>{12784fa4-c694-4939-98b5-72d95960a216}</UniqueIdentifier>
    </Filter>
    <Filter Include="Source Files\skybox">
      <UniqueIdentifier>{c0063bf3-eb13-48dc-8a5d-570cfed6243f}</UniqueIdentifier>
    </Filter>
  </ItemGroup>
  <ItemGroup>
    <ClCompile Include="Main.cpp">
      <Filter>Source Files</Filter>
    </ClCompile>
    <ClCompile Include="RawModel.cpp">
      <Filter>Source Files\models</Filter>
    </ClCompile>
    <ClCompile Include="ModelLoader.cpp">
      <Filter>Source Files\models</Filter>
    </ClCompile>
    <ClCompile Include="EntityRenderer.cpp">
      <Filter>Source Files\render</Filter>
    </ClCompile>
    <ClCompile Include="ShaderProgram.cpp">
      <Filter>Source Files\render</Filter>
    </ClCompile>
    <ClCompile Include="DisplayManager.cpp">
      <Filter>Source Files\render</Filter>
    </ClCompile>
    <ClCompile Include="StaticShader.cpp">
      <Filter>Source Files\shaders</Filter>
    </ClCompile>
    <ClCompile Include="TexturedModel.cpp">
      <Filter>Source Files\models</Filter>
    </ClCompile>
    <ClCompile Include="ModelTexture.cpp">
      <Filter>Source Files\models</Filter>
    </ClCompile>
    <ClCompile Include="glad\glad.c">
      <Filter>Source Files\libraries</Filter>
    </ClCompile>
    <ClCompile Include="Entity.cpp">
      <Filter>Source Files\entities</Filter>
    </ClCompile>
    <ClCompile Include="Camera.cpp">
      <Filter>Source Files\entities</Filter>
    </ClCompile>
    <ClCompile Include="OBJLoader.cpp">
      <Filter>Source Files\models</Filter>
    </ClCompile>
    <ClCompile Include="Light.cpp">
      <Filter>Source Files\entities</Filter>
    </ClCompile>
    <ClCompile Include="MasterRenderer.cpp">
      <Filter>Source Files\render</Filter>
    </ClCompile>
    <ClCompile Include="Terrain.cpp">
      <Filter>Source Files\terrain</Filter>
    </ClCompile>
    <ClCompile Include="TerrainShader.cpp">
      <Filter>Source Files\shaders</Filter>
    </ClCompile>
    <ClCompile Include="TerrainRenderer.cpp">
      <Filter>Source Files\render</Filter>
    </ClCompile>
    <ClCompile Include="TextureData.cpp">
      <Filter>Source Files\render</Filter>
    </ClCompile>
    <ClCompile Include="SkyboxShader.cpp">
      <Filter>Source Files\shaders</Filter>
    </ClCompile>
    <ClCompile Include="SkyboxRenderer.cpp">
      <Filter>Source Files\render</Filter>
    </ClCompile>
  </ItemGroup>
  <ItemGroup>
    <ClInclude Include="RawModel.h">
      <Filter>Header Files\models</Filter>
    </ClInclude>
    <ClInclude Include="ModelLoader.h">
      <Filter>Header Files\models</Filter>
    </ClInclude>
    <ClInclude Include="EntityRenderer.h">
      <Filter>Header Files\render</Filter>
    </ClInclude>
    <ClInclude Include="ShaderProgram.h">
      <Filter>Header Files\render</Filter>
    </ClInclude>
    <ClInclude Include="DisplayManager.h">
      <Filter>Header Files\render</Filter>
    </ClInclude>
    <ClInclude Include="StaticShader.h">
      <Filter>Header Files\shaders</Filter>
    </ClInclude>
    <ClInclude Include="TexturedModel.h">
      <Filter>Header Files\models</Filter>
    </ClInclude>
    <ClInclude Include="ModelTexture.h">
      <Filter>Header Files\models</Filter>
    </ClInclude>
    <ClInclude Include="stb_image.h">
      <Filter>Header Files\libraries</Filter>
    </ClInclude>
    <ClInclude Include="glad\khrplatform.h">
      <Filter>Header Files\libraries</Filter>
    </ClInclude>
    <ClInclude Include="glad\glad.h">
      <Filter>Header Files\libraries</Filter>
    </ClInclude>
    <ClInclude Include="Entity.h">
      <Filter>Header Files\entities</Filter>
    </ClInclude>
    <ClInclude Include="Camera.h">
      <Filter>Header Files\entities</Filter>
    </ClInclude>
    <ClInclude Include="OBJLoader.h">
      <Filter>Header Files\models</Filter>
    </ClInclude>
    <ClInclude Include="Light.h">
      <Filter>Header Files\entities</Filter>
    </ClInclude>
    <ClInclude Include="MasterRenderer.h">
      <Filter>Header Files\render</Filter>
    </ClInclude>
    <ClInclude Include="Terrain.h">
      <Filter>Header Files\terrain</Filter>
    </ClInclude>
    <ClInclude Include="TerrainShader.h">
      <Filter>Header Files\shaders</Filter>
    </ClInclude>
    <ClInclude Include="TerrainRenderer.h">
      <Filter>Header Files\render</Filter>
    </ClInclude>
    <ClInclude Include="TextureData.h">
      <Filter>Header Files\render</Filter>
    </ClInclude>
    <ClInclude Include="SkyboxShader.h">
      <Filter>Header Files\shaders</Filter>
    </ClInclude>
    <ClInclude Include="SkyboxRenderer.h">
      <Filter>Header Files\render</Filter>
    </ClInclude>
  </ItemGroup>
  <ItemGroup>
    <Text Include="entityFragmentShader.txt">
      <Filter>Resource Files\shaders</Filter>
    </Text>
    <Text Include="terrainFragmentShader.txt">
      <Filter>Resource Files\shaders</Filter>
    </Text>
    <Text Include="terrainVertexShader.txt">
      <Filter>Resource Files\shaders</Filter>
    </Text>
    <Text Include="skyboxFragmentShader.txt">
      <Filter>Resource Files\shaders</Filter>
    </Text>
    <Text Include="skyboxVertexShader.txt">
      <Filter>Resource Files\shaders</Filter>
    </Text>
  </ItemGroup>
  <ItemGroup>
    <None Include="entityVertexShader.txt">
      <Filter>Resource Files\shaders</Filter>
    </None>
  </ItemGroup>
  <ItemGroup>
    <Image Include="textures\container.jpg">
      <Filter>Resource Files\textures</Filter>
    </Image>
    <Image Include="textures\grass.jpg">
      <Filter>Resource Files\textures</Filter>
    </Image>
    <Image Include="models\grassTexture.png">
      <Filter>Resource Files\models</Filter>
    </Image>
    <Image Include="models\grassTexture.jpg">
      <Filter>Resource Files\models</Filter>
    </Image>
    <Image Include="models\CIRRUSTS19.JPG">
      <Filter>Resource Files\models</Filter>
    </Image>
    <Image Include="textures\back.png">
      <Filter>Resource Files\textures</Filter>
    </Image>
    <Image Include="textures\bottom.png">
      <Filter>Resource Files\textures</Filter>
    </Image>
    <Image Include="textures\front.png">
      <Filter>Resource Files\textures</Filter>
    </Image>
    <Image Include="textures\left.png">
      <Filter>Resource Files\textures</Filter>
    </Image>
    <Image Include="textures\right.png">
      <Filter>Resource Files\textures</Filter>
    </Image>
    <Image Include="textures\top.png">
      <Filter>Resource Files\textures</Filter>
    </Image>
  </ItemGroup>
</Project>